
Microsoft Visual Studio Solution File, Format Version 12.00
# Visual Studio 2013
VisualStudioVersion = 12.0.21005.1
MinimumVisualStudioVersion = 10.0.40219.1
Project("{FAE04EC0-301F-11D3-BF4B-00C04F79EFBC}") = "SMSTech", "SMSTech\SMSTech.csproj", "{D8A8BC7C-391F-474C-A49F-EB389D9C2FAA}"
EndProject
Global
	GlobalSection(SolutionConfigurationPlatforms) = preSolution
		Debug|Any CPU = Debug|Any CPU
		Release|Any CPU = Release|Any CPU
	EndGlobalSection
	GlobalSection(ProjectConfigurationPlatforms) = postSolution
		{D8A8BC7C-391F-474C-A49F-EB389D9C2FAA}.Debug|Any CPU.ActiveCfg = Debug|Any CPU
		{D8A8BC7C-391F-474C-A49F-EB389D9C2FAA}.Debug|Any CPU.Build.0 = Debug|Any CPU
		{D8A8BC7C-391F-474C-A49F-EB389D9C2FAA}.Release|Any CPU.ActiveCfg = Release|Any CPU
		{D8A8BC7C-391F-474C-A49F-EB389D9C2FAA}.Release|Any CPU.Build.0 = Release|Any CPU
	EndGlobalSection
	GlobalSection(SolutionProperties) = preSolution
		HideSolutionNode = FALSE
	EndGlobalSection
EndGlobal
